// !$*UTF8*$!
{
	archiveVersion = 1;
	classes = {
	};
	objectVersion = 56;
	objects = {

/* Begin PBXBuildFile section */
		11FDB8012ED3BCEC006877CC /* parse-http-date.c in Sources */ = {isa = PBXBuildFile; fileRef = 11FDB7FF2ED3BCEC006877CC /* parse-http-date.c */; };
		11FDB8022ED3BCEC006877CC /* util-ahocorasick.c in Sources */ = {isa = PBXBuildFile; fileRef = 11FDB8002ED3BCEC006877CC /* util-ahocorasick.c */; };
		11FDB8042ED3BCFF006877CC /* date-main.c in Sources */ = {isa = PBXBuildFile; fileRef = 11FDB8032ED3BCFF006877CC /* date-main.c */; };
		11FDB8082ED4E3F7006877CC /* date-apache.c in Sources */ = {isa = PBXBuildFile; fileRef = 11FDB8072ED4E3F7006877CC /* date-apache.c */; };
		11FDB80A2ED4E40E006877CC /* date-nginx.c in Sources */ = {isa = PBXBuildFile; fileRef = 11FDB8092ED4E40E006877CC /* date-nginx.c */; };
		11FDB80C2ED4FFDC006877CC /* date-litespeed.c in Sources */ = {isa = PBXBuildFile; fileRef = 11FDB80B2ED4FFDC006877CC /* date-litespeed.c */; };
		11FDB80E2ED64BE2006877CC /* date-lightd.c in Sources */ = {isa = PBXBuildFile; fileRef = 11FDB80D2ED64BE2006877CC /* date-lightd.c */; };
		11FDB8212ED64CFC006877CC /* date-simple.c in Sources */ = {isa = PBXBuildFile; fileRef = 11FDB8202ED64CFC006877CC /* date-simple.c */; };
/* End PBXBuildFile section */

/* Begin PBXCopyFilesBuildPhase section */
		11FDB7EA2ED3BC9B006877CC /* CopyFiles */ = {
			isa = PBXCopyFilesBuildPhase;
			buildActionMask = 2147483647;
			dstPath = /usr/share/man/man1/;
			dstSubfolderSpec = 0;
			files = (
			);
			runOnlyForDeploymentPostprocessing = 1;
		};
/* End PBXCopyFilesBuildPhase section */

/* Begin PBXFileReference section */
		11FDB7EC2ED3BC9B006877CC /* date-test */ = {isa = PBXFileReference; explicitFileType = "compiled.mach-o.executable"; includeInIndex = 0; path = "date-test"; sourceTree = BUILT_PRODUCTS_DIR; };
		11FDB7FD2ED3BCEC006877CC /* parse-http-date.h */ = {isa = PBXFileReference; fileEncoding = 4; lastKnownFileType = sourcecode.c.h; name = "parse-http-date.h"; path = "../../src/parse-http-date.h"; sourceTree = "<group>"; };
		11FDB7FE2ED3BCEC006877CC /* util-ahocorasick.h */ = {isa = PBXFileReference; fileEncoding = 4; lastKnownFileType = sourcecode.c.h; name = "util-ahocorasick.h"; path = "../../src/util-ahocorasick.h"; sourceTree = "<group>"; };
		11FDB7FF2ED3BCEC006877CC /* parse-http-date.c */ = {isa = PBXFileReference; fileEncoding = 4; lastKnownFileType = sourcecode.c.c; name = "parse-http-date.c"; path = "../../src/parse-http-date.c"; sourceTree = "<group>"; };
		11FDB8002ED3BCEC006877CC /* util-ahocorasick.c */ = {isa = PBXFileReference; fileEncoding = 4; lastKnownFileType = sourcecode.c.c; name = "util-ahocorasick.c"; path = "../../src/util-ahocorasick.c"; sourceTree = "<group>"; };
		11FDB8032ED3BCFF006877CC /* date-main.c */ = {isa = PBXFileReference; fileEncoding = 4; lastKnownFileType = sourcecode.c.c; name = "date-main.c"; path = "../../test/src/date-main.c"; sourceTree = "<group>"; };
		11FDB8052ED3D4DE006877CC /* README.md */ = {isa = PBXFileReference; fileEncoding = 4; lastKnownFileType = net.daringfireball.markdown; name = README.md; path = ../../README.md; sourceTree = "<group>"; };
		11FDB8072ED4E3F7006877CC /* date-apache.c */ = {isa = PBXFileReference; fileEncoding = 4; lastKnownFileType = sourcecode.c.c; name = "date-apache.c"; path = "../../test/src/date-apache.c"; sourceTree = "<group>"; };
		11FDB8092ED4E40E006877CC /* date-nginx.c */ = {isa = PBXFileReference; fileEncoding = 4; lastKnownFileType = sourcecode.c.c; name = "date-nginx.c"; path = "../../test/src/date-nginx.c"; sourceTree = "<group>"; };
		11FDB80B2ED4FFDC006877CC /* date-litespeed.c */ = {isa = PBXFileReference; fileEncoding = 4; lastKnownFileType = sourcecode.c.c; name = "date-litespeed.c"; path = "../../test/src/date-litespeed.c"; sourceTree = "<group>"; };
		11FDB80D2ED64BE2006877CC /* date-lightd.c */ = {isa = PBXFileReference; fileEncoding = 4; lastKnownFileType = sourcecode.c.c; name = "date-lightd.c"; path = "../../test/src/date-lightd.c"; sourceTree = "<group>"; };
		11FDB8202ED64CFC006877CC /* date-simple.c */ = {isa = PBXFileReference; fileEncoding = 4; lastKnownFileType = sourcecode.c.c; name = "date-simple.c"; path = "../../test/src/date-simple.c"; sourceTree = "<group>"; };
/* End PBXFileReference section */

/* Begin PBXFrameworksBuildPhase section */
		11FDB7E92ED3BC9B006877CC /* Frameworks */ = {
			isa = PBXFrameworksBuildPhase;
			buildActionMask = 2147483647;
			files = (
			);
			runOnlyForDeploymentPostprocessing = 0;
		};
/* End PBXFrameworksBuildPhase section */

/* Begin PBXGroup section */
		11FDB7E32ED3BC9B006877CC = {
			isa = PBXGroup;
			children = (
				11FDB7EE2ED3BC9B006877CC /* date-test */,
				11FDB7ED2ED3BC9B006877CC /* Products */,
			);
			sourceTree = "<group>";
		};
		11FDB7ED2ED3BC9B006877CC /* Products */ = {
			isa = PBXGroup;
			children = (
				11FDB7EC2ED3BC9B006877CC /* date-test */,
			);
			name = Products;
			sourceTree = "<group>";
		};
		11FDB7EE2ED3BC9B006877CC /* date-test */ = {
			isa = PBXGroup;
			children = (
				11FDB8202ED64CFC006877CC /* date-simple.c */,
				11FDB80D2ED64BE2006877CC /* date-lightd.c */,
				11FDB80B2ED4FFDC006877CC /* date-litespeed.c */,
				11FDB8092ED4E40E006877CC /* date-nginx.c */,
				11FDB8072ED4E3F7006877CC /* date-apache.c */,
				11FDB8052ED3D4DE006877CC /* README.md */,
				11FDB8032ED3BCFF006877CC /* date-main.c */,
				11FDB7FF2ED3BCEC006877CC /* parse-http-date.c */,
				11FDB7FD2ED3BCEC006877CC /* parse-http-date.h */,
				11FDB8002ED3BCEC006877CC /* util-ahocorasick.c */,
				11FDB7FE2ED3BCEC006877CC /* util-ahocorasick.h */,
			);
			path = "date-test";
			sourceTree = "<group>";
		};
/* End PBXGroup section */

/* Begin PBXNativeTarget section */
		11FDB7EB2ED3BC9B006877CC /* xcode15 */ = {
			isa = PBXNativeTarget;
			buildConfigurationList = 11FDB7F32ED3BC9B006877CC /* Build configuration list for PBXNativeTarget "xcode15" */;
			buildPhases = (
				11FDB7E82ED3BC9B006877CC /* Sources */,
				11FDB7E92ED3BC9B006877CC /* Frameworks */,
				11FDB7EA2ED3BC9B006877CC /* CopyFiles */,
			);
			buildRules = (
			);
			dependencies = (
			);
			name = xcode15;
			productName = xcode15;
			productReference = 11FDB7EC2ED3BC9B006877CC /* date-test */;
			productType = "com.apple.product-type.tool";
		};
/* End PBXNativeTarget section */

/* Begin PBXProject section */
		11FDB7E42ED3BC9B006877CC /* Project object */ = {
			isa = PBXProject;
			attributes = {
				BuildIndependentTargetsInParallel = 1;
				LastUpgradeCheck = 1530;
				TargetAttributes = {
					11FDB7EB2ED3BC9B006877CC = {
						CreatedOnToolsVersion = 15.3;
					};
				};
			};
			buildConfigurationList = 11FDB7E72ED3BC9B006877CC /* Build configuration list for PBXProject "xcode15" */;
			compatibilityVersion = "Xcode 14.0";
			developmentRegion = en;
			hasScannedForEncodings = 0;
			knownRegions = (
				en,
				Base,
			);
			mainGroup = 11FDB7E32ED3BC9B006877CC;
			productRefGroup = 11FDB7ED2ED3BC9B006877CC /* Products */;
			projectDirPath = "";
			projectRoot = "";
			targets = (
				11FDB7EB2ED3BC9B006877CC /* xcode15 */,
			);
		};
/* End PBXProject section */

/* Begin PBXSourcesBuildPhase section */
		11FDB7E82ED3BC9B006877CC /* Sources */ = {
			isa = PBXSourcesBuildPhase;
			buildActionMask = 2147483647;
			files = (
				11FDB8042ED3BCFF006877CC /* date-main.c in Sources */,
				11FDB80A2ED4E40E006877CC /* date-nginx.c in Sources */,
				11FDB80E2ED64BE2006877CC /* date-lightd.c in Sources */,
				11FDB8212ED64CFC006877CC /* date-simple.c in Sources */,
				11FDB8022ED3BCEC006877CC /* util-ahocorasick.c in Sources */,
				11FDB80C2ED4FFDC006877CC /* date-litespeed.c in Sources */,
				11FDB8012ED3BCEC006877CC /* parse-http-date.c in Sources */,
				11FDB8082ED4E3F7006877CC /* date-apache.c in Sources */,
			);
			runOnlyForDeploymentPostprocessing = 0;
		};
/* End PBXSourcesBuildPhase section */

/* Begin XCBuildConfiguration section */
		11FDB7F12ED3BC9B006877CC /* Debug */ = {
			isa = XCBuildConfiguration;
			buildSettings = {
				ALWAYS_SEARCH_USER_PATHS = NO;
				ASSETCATALOG_COMPILER_GENERATE_SWIFT_ASSET_SYMBOL_EXTENSIONS = YES;
				CLANG_ANALYZER_NONNULL = YES;
				CLANG_ANALYZER_NUMBER_OBJECT_CONVERSION = YES_AGGRESSIVE;
				CLANG_CXX_LANGUAGE_STANDARD = "gnu++20";
				CLANG_ENABLE_MODULES = YES;
				CLANG_ENABLE_OBJC_ARC = YES;
				CLANG_ENABLE_OBJC_WEAK = YES;
				CLANG_WARN_BLOCK_CAPTURE_AUTORELEASING = YES;
				CLANG_WARN_BOOL_CONVERSION = YES;
				CLANG_WARN_COMMA = YES;
				CLANG_WARN_CONSTANT_CONVERSION = YES;
				CLANG_WARN_DEPRECATED_OBJC_IMPLEMENTATIONS = YES;
				CLANG_WARN_DIRECT_OBJC_ISA_USAGE = YES_ERROR;
				CLANG_WARN_DOCUMENTATION_COMMENTS = YES;
				CLANG_WARN_EMPTY_BODY = YES;
				CLANG_WARN_ENUM_CONVERSION = YES;
				CLANG_WARN_INFINITE_RECURSION = YES;
				CLANG_WARN_INT_CONVERSION = YES;
				CLANG_WARN_NON_LITERAL_NULL_CONVERSION = YES;
				CLANG_WARN_OBJC_IMPLICIT_RETAIN_SELF = YES;
				CLANG_WARN_OBJC_LITERAL_CONVERSION = YES;
				CLANG_WARN_OBJC_ROOT_CLASS = YES_ERROR;
				CLANG_WARN_QUOTED_INCLUDE_IN_FRAMEWORK_HEADER = YES;
				CLANG_WARN_RANGE_LOOP_ANALYSIS = YES;
				CLANG_WARN_STRICT_PROTOTYPES = YES;
				CLANG_WARN_SUSPICIOUS_MOVE = YES;
				CLANG_WARN_UNGUARDED_AVAILABILITY = YES_AGGRESSIVE;
				CLANG_WARN_UNREACHABLE_CODE = YES;
				CLANG_WARN__DUPLICATE_METHOD_MATCH = YES;
				COPY_PHASE_STRIP = NO;
				DEBUG_INFORMATION_FORMAT = dwarf;
				ENABLE_STRICT_OBJC_MSGSEND = YES;
				ENABLE_TESTABILITY = YES;
				ENABLE_USER_SCRIPT_SANDBOXING = YES;
				GCC_C_LANGUAGE_STANDARD = gnu17;
				GCC_DYNAMIC_NO_PIC = NO;
				GCC_NO_COMMON_BLOCKS = YES;
				GCC_OPTIMIZATION_LEVEL = 0;
				GCC_PREPROCESSOR_DEFINITIONS = (
					"DEBUG=1",
					"$(inherited)",
				);
				GCC_WARN_64_TO_32_BIT_CONVERSION = YES;
				GCC_WARN_ABOUT_RETURN_TYPE = YES_ERROR;
				GCC_WARN_UNDECLARED_SELECTOR = YES;
				GCC_WARN_UNINITIALIZED_AUTOS = YES_AGGRESSIVE;
				GCC_WARN_UNUSED_FUNCTION = YES;
				GCC_WARN_UNUSED_VARIABLE = YES;
				LOCALIZATION_PREFERS_STRING_CATALOGS = YES;
				MACOSX_DEPLOYMENT_TARGET = 14.3;
				MTL_ENABLE_DEBUG_INFO = INCLUDE_SOURCE;
				MTL_FAST_MATH = YES;
				ONLY_ACTIVE_ARCH = YES;
				SDKROOT = macosx;
			};
			name = Debug;
		};
		11FDB7F22ED3BC9B006877CC /* Release */ = {
			isa = XCBuildConfiguration;
			buildSettings = {
				ALWAYS_SEARCH_USER_PATHS = NO;
				ASSETCATALOG_COMPILER_GENERATE_SWIFT_ASSET_SYMBOL_EXTENSIONS = YES;
				CLANG_ANALYZER_NONNULL = YES;
				CLANG_ANALYZER_NUMBER_OBJECT_CONVERSION = YES_AGGRESSIVE;
				CLANG_CXX_LANGUAGE_STANDARD = "gnu++20";
				CLANG_ENABLE_MODULES = YES;
				CLANG_ENABLE_OBJC_ARC = YES;
				CLANG_ENABLE_OBJC_WEAK = YES;
				CLANG_WARN_BLOCK_CAPTURE_AUTORELEASING = YES;
				CLANG_WARN_BOOL_CONVERSION = YES;
				CLANG_WARN_COMMA = YES;
				CLANG_WARN_CONSTANT_CONVERSION = YES;
				CLANG_WARN_DEPRECATED_OBJC_IMPLEMENTATIONS = YES;
				CLANG_WARN_DIRECT_OBJC_ISA_USAGE = YES_ERROR;
				CLANG_WARN_DOCUMENTATION_COMMENTS = YES;
				CLANG_WARN_EMPTY_BODY = YES;
				CLANG_WARN_ENUM_CONVERSION = YES;
				CLANG_WARN_INFINITE_RECURSION = YES;
				CLANG_WARN_INT_CONVERSION = YES;
				CLANG_WARN_NON_LITERAL_NULL_CONVERSION = YES;
				CLANG_WARN_OBJC_IMPLICIT_RETAIN_SELF = YES;
				CLANG_WARN_OBJC_LITERAL_CONVERSION = YES;
				CLANG_WARN_OBJC_ROOT_CLASS = YES_ERROR;
				CLANG_WARN_QUOTED_INCLUDE_IN_FRAMEWORK_HEADER = YES;
				CLANG_WARN_RANGE_LOOP_ANALYSIS = YES;
				CLANG_WARN_STRICT_PROTOTYPES = YES;
				CLANG_WARN_SUSPICIOUS_MOVE = YES;
				CLANG_WARN_UNGUARDED_AVAILABILITY = YES_AGGRESSIVE;
				CLANG_WARN_UNREACHABLE_CODE = YES;
				CLANG_WARN__DUPLICATE_METHOD_MATCH = YES;
				COPY_PHASE_STRIP = NO;
				DEBUG_INFORMATION_FORMAT = "dwarf-with-dsym";
				ENABLE_NS_ASSERTIONS = NO;
				ENABLE_STRICT_OBJC_MSGSEND = YES;
				ENABLE_USER_SCRIPT_SANDBOXING = YES;
				GCC_C_LANGUAGE_STANDARD = gnu17;
				GCC_NO_COMMON_BLOCKS = YES;
				GCC_WARN_64_TO_32_BIT_CONVERSION = YES;
				GCC_WARN_ABOUT_RETURN_TYPE = YES_ERROR;
				GCC_WARN_UNDECLARED_SELECTOR = YES;
				GCC_WARN_UNINITIALIZED_AUTOS = YES_AGGRESSIVE;
				GCC_WARN_UNUSED_FUNCTION = YES;
				GCC_WARN_UNUSED_VARIABLE = YES;
				LOCALIZATION_PREFERS_STRING_CATALOGS = YES;
				MACOSX_DEPLOYMENT_TARGET = 14.3;
				MTL_ENABLE_DEBUG_INFO = NO;
				MTL_FAST_MATH = YES;
				SDKROOT = macosx;
			};
			name = Release;
		};
		11FDB7F42ED3BC9B006877CC /* Debug */ = {
			isa = XCBuildConfiguration;
			buildSettings = {
				CODE_SIGN_STYLE = Automatic;
				PRODUCT_NAME = "date-test";
				SYMROOT = "$(PROJECT_DIR)/../test/bin";
			};
			name = Debug;
		};
		11FDB7F52ED3BC9B006877CC /* Release */ = {
			isa = XCBuildConfiguration;
			buildSettings = {
				CODE_SIGN_STYLE = Automatic;
				PRODUCT_NAME = "date-test";
			};
			name = Release;
		};
/* End XCBuildConfiguration section */

/* Begin XCConfigurationList section */
		11FDB7E72ED3BC9B006877CC /* Build configuration list for PBXProject "xcode15" */ = {
			isa = XCConfigurationList;
			buildConfigurations = (
				11FDB7F12ED3BC9B006877CC /* Debug */,
				11FDB7F22ED3BC9B006877CC /* Release */,
			);
			defaultConfigurationIsVisible = 0;
			defaultConfigurationName = Release;
		};
		11FDB7F32ED3BC9B006877CC /* Build configuration list for PBXNativeTarget "xcode15" */ = {
			isa = XCConfigurationList;
			buildConfigurations = (
				11FDB7F42ED3BC9B006877CC /* Debug */,
				11FDB7F52ED3BC9B006877CC /* Release */,
			);
			defaultConfigurationIsVisible = 0;
			defaultConfigurationName = Release;
		};
/* End XCConfigurationList section */
	};
	rootObject = 11FDB7E42ED3BC9B006877CC /* Project object */;
}
